
Microsoft Visual Studio Solution File, Format Version 12.00
# Visual Studio Version 16
VisualStudioVersion = 16.0.29230.47
MinimumVisualStudioVersion = 10.0.40219.1
Project("{8BC9CEB8-8B4A-11D0-8D11-00A0C91BC942}") = "DoublyLinkedList", "src\DoublyLinkedList\DoublyLinkedList.vcxproj", "{BABFE015-D68B-4EB0-9A82-CED9A5FAB3A6}"
EndProject
Project("{8BC9CEB8-8B4A-11D0-8D11-00A0C91BC942}") = "Classes", "src\Classes\Classes.vcxproj", "{BA18B972-B6F4-44D7-A213-A8E10BB21BCF}"
EndProject
Project("{8BC9CEB8-8B4A-11D0-8D11-00A0C91BC942}") = "Constructors", "src\Constructors\Constructors.vcxproj", "{5DA06D3B-1A75-4563-A288-4F04BDC46404}"
EndProject
Project("{8BC9CEB8-8B4A-11D0-8D11-00A0C91BC942}") = "DataTypes", "src\DataTypes\DataTypes.vcxproj", "{1F711091-B4E1-4ECE-AC33-B82ACD6AA164}"
EndProject
Project("{8BC9CEB8-8B4A-11D0-8D11-00A0C91BC942}") = "MemoryManagment", "src\MemoryManagment\MemoryManagment.vcxproj", "{32F7D675-AA53-4DDA-99F6-5E99FCCCAD44}"
EndProject
Project("{8BC9CEB8-8B4A-11D0-8D11-00A0C91BC942}") = "FlowControl", "src\FlowControl\FlowControl.vcxproj", "{ACA1A29F-0C39-4AF2-9F8F-C183BFA41465}"
EndProject
Project("{8BC9CEB8-8B4A-11D0-8D11-00A0C91BC942}") = "Templates", "src\Templates\Templates.vcxproj", "{7060B97D-2B05-44BA-8F47-FDBCA4995AE3}"
EndProject
Project("{8BC9CEB8-8B4A-11D0-8D11-00A0C91BC942}") = "Recursion", "src\Recursion\Recursion.vcxproj", "{813EE27C-A63C-4FD5-AC34-78E84F65429D}"
EndProject
Project("{8BC9CEB8-8B4A-11D0-8D11-00A0C91BC942}") = "MyString", "src\MyString\MyString.vcxproj", "{4494AD3C-783A-4315-866F-D5C851C1A5D9}"
EndProject
Project("{8BC9CEB8-8B4A-11D0-8D11-00A0C91BC942}") = "MyString_tests", "tests\MyString_tests\MyString_tests.vcxproj", "{218C5557-07CE-466E-9AE8-6F4639591FEC}"
	ProjectSection(ProjectDependencies) = postProject
		{4494AD3C-783A-4315-866F-D5C851C1A5D9} = {4494AD3C-783A-4315-866F-D5C851C1A5D9}
	EndProjectSection
EndProject
Project("{8BC9CEB8-8B4A-11D0-8D11-00A0C91BC942}") = "MyStringApp", "src\MyStringApp\MyStringApp.vcxproj", "{BD53A22A-A85F-4CA1-B58E-B2F4BF81C208}"
	ProjectSection(ProjectDependencies) = postProject
		{4494AD3C-783A-4315-866F-D5C851C1A5D9} = {4494AD3C-783A-4315-866F-D5C851C1A5D9}
	EndProjectSection
EndProject
Project("{8BC9CEB8-8B4A-11D0-8D11-00A0C91BC942}") = "Serialization", "src\Serialization\Serialization.vcxproj", "{AEAAB9C9-3AF4-4E31-BDAA-3363A8A854E2}"
EndProject
Global
	GlobalSection(SolutionConfigurationPlatforms) = preSolution
		Debug|x64 = Debug|x64
		Debug|x86 = Debug|x86
		Release|x64 = Release|x64
		Release|x86 = Release|x86
	EndGlobalSection
	GlobalSection(ProjectConfigurationPlatforms) = postSolution
		{BABFE015-D68B-4EB0-9A82-CED9A5FAB3A6}.Debug|x64.ActiveCfg = Debug|x64
		{BABFE015-D68B-4EB0-9A82-CED9A5FAB3A6}.Debug|x64.Build.0 = Debug|x64
		{BABFE015-D68B-4EB0-9A82-CED9A5FAB3A6}.Debug|x86.ActiveCfg = Debug|Win32
		{BABFE015-D68B-4EB0-9A82-CED9A5FAB3A6}.Debug|x86.Build.0 = Debug|Win32
		{BABFE015-D68B-4EB0-9A82-CED9A5FAB3A6}.Release|x64.ActiveCfg = Release|x64
		{BABFE015-D68B-4EB0-9A82-CED9A5FAB3A6}.Release|x64.Build.0 = Release|x64
		{BABFE015-D68B-4EB0-9A82-CED9A5FAB3A6}.Release|x86.ActiveCfg = Release|Win32
		{BABFE015-D68B-4EB0-9A82-CED9A5FAB3A6}.Release|x86.Build.0 = Release|Win32
		{BA18B972-B6F4-44D7-A213-A8E10BB21BCF}.Debug|x64.ActiveCfg = Debug|x64
		{BA18B972-B6F4-44D7-A213-A8E10BB21BCF}.Debug|x64.Build.0 = Debug|x64
		{BA18B972-B6F4-44D7-A213-A8E10BB21BCF}.Debug|x86.ActiveCfg = Debug|Win32
		{BA18B972-B6F4-44D7-A213-A8E10BB21BCF}.Debug|x86.Build.0 = Debug|Win32
		{BA18B972-B6F4-44D7-A213-A8E10BB21BCF}.Release|x64.ActiveCfg = Release|x64
		{BA18B972-B6F4-44D7-A213-A8E10BB21BCF}.Release|x64.Build.0 = Release|x64
		{BA18B972-B6F4-44D7-A213-A8E10BB21BCF}.Release|x86.ActiveCfg = Release|Win32
		{BA18B972-B6F4-44D7-A213-A8E10BB21BCF}.Release|x86.Build.0 = Release|Win32
		{5DA06D3B-1A75-4563-A288-4F04BDC46404}.Debug|x64.ActiveCfg = Debug|x64
		{5DA06D3B-1A75-4563-A288-4F04BDC46404}.Debug|x64.Build.0 = Debug|x64
		{5DA06D3B-1A75-4563-A288-4F04BDC46404}.Debug|x86.ActiveCfg = Debug|Win32
		{5DA06D3B-1A75-4563-A288-4F04BDC46404}.Debug|x86.Build.0 = Debug|Win32
		{5DA06D3B-1A75-4563-A288-4F04BDC46404}.Release|x64.ActiveCfg = Release|x64
		{5DA06D3B-1A75-4563-A288-4F04BDC46404}.Release|x64.Build.0 = Release|x64
		{5DA06D3B-1A75-4563-A288-4F04BDC46404}.Release|x86.ActiveCfg = Release|Win32
		{5DA06D3B-1A75-4563-A288-4F04BDC46404}.Release|x86.Build.0 = Release|Win32
		{1F711091-B4E1-4ECE-AC33-B82ACD6AA164}.Debug|x64.ActiveCfg = Debug|x64
		{1F711091-B4E1-4ECE-AC33-B82ACD6AA164}.Debug|x64.Build.0 = Debug|x64
		{1F711091-B4E1-4ECE-AC33-B82ACD6AA164}.Debug|x86.ActiveCfg = Debug|Win32
		{1F711091-B4E1-4ECE-AC33-B82ACD6AA164}.Debug|x86.Build.0 = Debug|Win32
		{1F711091-B4E1-4ECE-AC33-B82ACD6AA164}.Release|x64.ActiveCfg = Release|x64
		{1F711091-B4E1-4ECE-AC33-B82ACD6AA164}.Release|x64.Build.0 = Release|x64
		{1F711091-B4E1-4ECE-AC33-B82ACD6AA164}.Release|x86.ActiveCfg = Release|Win32
		{1F711091-B4E1-4ECE-AC33-B82ACD6AA164}.Release|x86.Build.0 = Release|Win32
		{32F7D675-AA53-4DDA-99F6-5E99FCCCAD44}.Debug|x64.ActiveCfg = Debug|x64
		{32F7D675-AA53-4DDA-99F6-5E99FCCCAD44}.Debug|x64.Build.0 = Debug|x64
		{32F7D675-AA53-4DDA-99F6-5E99FCCCAD44}.Debug|x86.ActiveCfg = Debug|Win32
		{32F7D675-AA53-4DDA-99F6-5E99FCCCAD44}.Debug|x86.Build.0 = Debug|Win32
		{32F7D675-AA53-4DDA-99F6-5E99FCCCAD44}.Release|x64.ActiveCfg = Release|x64
		{32F7D675-AA53-4DDA-99F6-5E99FCCCAD44}.Release|x64.Build.0 = Release|x64
		{32F7D675-AA53-4DDA-99F6-5E99FCCCAD44}.Release|x86.ActiveCfg = Release|Win32
		{32F7D675-AA53-4DDA-99F6-5E99FCCCAD44}.Release|x86.Build.0 = Release|Win32
		{ACA1A29F-0C39-4AF2-9F8F-C183BFA41465}.Debug|x64.ActiveCfg = Debug|x64
		{ACA1A29F-0C39-4AF2-9F8F-C183BFA41465}.Debug|x64.Build.0 = Debug|x64
		{ACA1A29F-0C39-4AF2-9F8F-C183BFA41465}.Debug|x86.ActiveCfg = Debug|Win32
		{ACA1A29F-0C39-4AF2-9F8F-C183BFA41465}.Debug|x86.Build.0 = Debug|Win32
		{ACA1A29F-0C39-4AF2-9F8F-C183BFA41465}.Release|x64.ActiveCfg = Release|x64
		{ACA1A29F-0C39-4AF2-9F8F-C183BFA41465}.Release|x64.Build.0 = Release|x64
		{ACA1A29F-0C39-4AF2-9F8F-C183BFA41465}.Release|x86.ActiveCfg = Release|Win32
		{ACA1A29F-0C39-4AF2-9F8F-C183BFA41465}.Release|x86.Build.0 = Release|Win32
		{7060B97D-2B05-44BA-8F47-FDBCA4995AE3}.Debug|x64.ActiveCfg = Debug|x64
		{7060B97D-2B05-44BA-8F47-FDBCA4995AE3}.Debug|x64.Build.0 = Debug|x64
		{7060B97D-2B05-44BA-8F47-FDBCA4995AE3}.Debug|x86.ActiveCfg = Debug|Win32
		{7060B97D-2B05-44BA-8F47-FDBCA4995AE3}.Debug|x86.Build.0 = Debug|Win32
		{7060B97D-2B05-44BA-8F47-FDBCA4995AE3}.Release|x64.ActiveCfg = Release|x64
		{7060B97D-2B05-44BA-8F47-FDBCA4995AE3}.Release|x64.Build.0 = Release|x64
		{7060B97D-2B05-44BA-8F47-FDBCA4995AE3}.Release|x86.ActiveCfg = Release|Win32
		{7060B97D-2B05-44BA-8F47-FDBCA4995AE3}.Release|x86.Build.0 = Release|Win32
		{813EE27C-A63C-4FD5-AC34-78E84F65429D}.Debug|x64.ActiveCfg = Debug|x64
		{813EE27C-A63C-4FD5-AC34-78E84F65429D}.Debug|x64.Build.0 = Debug|x64
		{813EE27C-A63C-4FD5-AC34-78E84F65429D}.Debug|x86.ActiveCfg = Debug|Win32
		{813EE27C-A63C-4FD5-AC34-78E84F65429D}.Debug|x86.Build.0 = Debug|Win32
		{813EE27C-A63C-4FD5-AC34-78E84F65429D}.Release|x64.ActiveCfg = Release|x64
		{813EE27C-A63C-4FD5-AC34-78E84F65429D}.Release|x64.Build.0 = Release|x64
		{813EE27C-A63C-4FD5-AC34-78E84F65429D}.Release|x86.ActiveCfg = Release|Win32
		{813EE27C-A63C-4FD5-AC34-78E84F65429D}.Release|x86.Build.0 = Release|Win32
		{4494AD3C-783A-4315-866F-D5C851C1A5D9}.Debug|x64.ActiveCfg = Debug|x64
		{4494AD3C-783A-4315-866F-D5C851C1A5D9}.Debug|x64.Build.0 = Debug|x64
		{4494AD3C-783A-4315-866F-D5C851C1A5D9}.Debug|x86.ActiveCfg = Debug|Win32
		{4494AD3C-783A-4315-866F-D5C851C1A5D9}.Debug|x86.Build.0 = Debug|Win32
		{4494AD3C-783A-4315-866F-D5C851C1A5D9}.Release|x64.ActiveCfg = Release|x64
		{4494AD3C-783A-4315-866F-D5C851C1A5D9}.Release|x64.Build.0 = Release|x64
		{4494AD3C-783A-4315-866F-D5C851C1A5D9}.Release|x86.ActiveCfg = Release|Win32
		{4494AD3C-783A-4315-866F-D5C851C1A5D9}.Release|x86.Build.0 = Release|Win32
		{218C5557-07CE-466E-9AE8-6F4639591FEC}.Debug|x64.ActiveCfg = Debug|x64
		{218C5557-07CE-466E-9AE8-6F4639591FEC}.Debug|x64.Build.0 = Debug|x64
		{218C5557-07CE-466E-9AE8-6F4639591FEC}.Debug|x86.ActiveCfg = Debug|Win32
		{218C5557-07CE-466E-9AE8-6F4639591FEC}.Debug|x86.Build.0 = Debug|Win32
		{218C5557-07CE-466E-9AE8-6F4639591FEC}.Release|x64.ActiveCfg = Release|x64
		{218C5557-07CE-466E-9AE8-6F4639591FEC}.Release|x64.Build.0 = Release|x64
		{218C5557-07CE-466E-9AE8-6F4639591FEC}.Release|x86.ActiveCfg = Release|Win32
		{218C5557-07CE-466E-9AE8-6F4639591FEC}.Release|x86.Build.0 = Release|Win32
		{BD53A22A-A85F-4CA1-B58E-B2F4BF81C208}.Debug|x64.ActiveCfg = Debug|x64
		{BD53A22A-A85F-4CA1-B58E-B2F4BF81C208}.Debug|x64.Build.0 = Debug|x64
		{BD53A22A-A85F-4CA1-B58E-B2F4BF81C208}.Debug|x86.ActiveCfg = Debug|Win32
		{BD53A22A-A85F-4CA1-B58E-B2F4BF81C208}.Debug|x86.Build.0 = Debug|Win32
		{BD53A22A-A85F-4CA1-B58E-B2F4BF81C208}.Release|x64.ActiveCfg = Release|x64
		{BD53A22A-A85F-4CA1-B58E-B2F4BF81C208}.Release|x64.Build.0 = Release|x64
		{BD53A22A-A85F-4CA1-B58E-B2F4BF81C208}.Release|x86.ActiveCfg = Release|Win32
		{BD53A22A-A85F-4CA1-B58E-B2F4BF81C208}.Release|x86.Build.0 = Release|Win32
		{AEAAB9C9-3AF4-4E31-BDAA-3363A8A854E2}.Debug|x64.ActiveCfg = Debug|x64
		{AEAAB9C9-3AF4-4E31-BDAA-3363A8A854E2}.Debug|x64.Build.0 = Debug|x64
		{AEAAB9C9-3AF4-4E31-BDAA-3363A8A854E2}.Debug|x86.ActiveCfg = Debug|Win32
		{AEAAB9C9-3AF4-4E31-BDAA-3363A8A854E2}.Debug|x86.Build.0 = Debug|Win32
		{AEAAB9C9-3AF4-4E31-BDAA-3363A8A854E2}.Release|x64.ActiveCfg = Release|x64
		{AEAAB9C9-3AF4-4E31-BDAA-3363A8A854E2}.Release|x64.Build.0 = Release|x64
		{AEAAB9C9-3AF4-4E31-BDAA-3363A8A854E2}.Release|x86.ActiveCfg = Release|Win32
		{AEAAB9C9-3AF4-4E31-BDAA-3363A8A854E2}.Release|x86.Build.0 = Release|Win32
	EndGlobalSection
	GlobalSection(SolutionProperties) = preSolution
		HideSolutionNode = FALSE
	EndGlobalSection
	GlobalSection(ExtensibilityGlobals) = postSolution
		SolutionGuid = {B8E7C0BD-7292-4B69-8656-D60C9AEB874C}
	EndGlobalSection
EndGlobal
