
Microsoft Visual Studio Solution File, Format Version 12.00
# Visual Studio Version 16
VisualStudioVersion = 16.0.29230.47
MinimumVisualStudioVersion = 10.0.40219.1
Project("{8BC9CEB8-8B4A-11D0-8D11-00A0C91BC942}") = "DoublyLinkedList", "src\DoublyLinkedList\DoublyLinkedList.vcxproj", "{BABFE015-D68B-4EB0-9A82-CED9A5FAB3A6}"
EndProject
Project("{8BC9CEB8-8B4A-11D0-8D11-00A0C91BC942}") = "Classes", "src\Classes\Classes.vcxproj", "{BA18B972-B6F4-44D7-A213-A8E10BB21BCF}"
EndProject
Global
	GlobalSection(SolutionConfigurationPlatforms) = preSolution
		Debug|x64 = Debug|x64
		Debug|x86 = Debug|x86
		Release|x64 = Release|x64
		Release|x86 = Release|x86
	EndGlobalSection
	GlobalSection(ProjectConfigurationPlatforms) = postSolution
		{BABFE015-D68B-4EB0-9A82-CED9A5FAB3A6}.Debug|x64.ActiveCfg = Debug|x64
		{BABFE015-D68B-4EB0-9A82-CED9A5FAB3A6}.Debug|x64.Build.0 = Debug|x64
		{BABFE015-D68B-4EB0-9A82-CED9A5FAB3A6}.Debug|x86.ActiveCfg = Debug|Win32
		{BABFE015-D68B-4EB0-9A82-CED9A5FAB3A6}.Debug|x86.Build.0 = Debug|Win32
		{BABFE015-D68B-4EB0-9A82-CED9A5FAB3A6}.Release|x64.ActiveCfg = Release|x64
		{BABFE015-D68B-4EB0-9A82-CED9A5FAB3A6}.Release|x64.Build.0 = Release|x64
		{BABFE015-D68B-4EB0-9A82-CED9A5FAB3A6}.Release|x86.ActiveCfg = Release|Win32
		{BABFE015-D68B-4EB0-9A82-CED9A5FAB3A6}.Release|x86.Build.0 = Release|Win32
		{BA18B972-B6F4-44D7-A213-A8E10BB21BCF}.Debug|x64.ActiveCfg = Debug|x64
		{BA18B972-B6F4-44D7-A213-A8E10BB21BCF}.Debug|x64.Build.0 = Debug|x64
		{BA18B972-B6F4-44D7-A213-A8E10BB21BCF}.Debug|x86.ActiveCfg = Debug|Win32
		{BA18B972-B6F4-44D7-A213-A8E10BB21BCF}.Debug|x86.Build.0 = Debug|Win32
		{BA18B972-B6F4-44D7-A213-A8E10BB21BCF}.Release|x64.ActiveCfg = Release|x64
		{BA18B972-B6F4-44D7-A213-A8E10BB21BCF}.Release|x64.Build.0 = Release|x64
		{BA18B972-B6F4-44D7-A213-A8E10BB21BCF}.Release|x86.ActiveCfg = Release|Win32
		{BA18B972-B6F4-44D7-A213-A8E10BB21BCF}.Release|x86.Build.0 = Release|Win32
	EndGlobalSection
	GlobalSection(SolutionProperties) = preSolution
		HideSolutionNode = FALSE
	EndGlobalSection
	GlobalSection(ExtensibilityGlobals) = postSolution
		SolutionGuid = {B8E7C0BD-7292-4B69-8656-D60C9AEB874C}
	EndGlobalSection
EndGlobal
